
Microsoft Visual Studio Solution File, Format Version 12.00
# Visual Studio Version 17
VisualStudioVersion = 17.4.33205.214
MinimumVisualStudioVersion = 10.0.40219.1
Project("{FAE04EC0-301F-11D3-BF4B-00C04F79EFBC}") = "TheAppYouWantToWrite", "TheAppYouWantToWrite\TheAppYouWantToWrite.csproj", "{97C5D9E6-294A-48B1-9E1C-77125D96D703}"
EndProject
Global
	GlobalSection(SolutionConfigurationPlatforms) = preSolution
		Debug|Any CPU = Debug|Any CPU
		Release|Any CPU = Release|Any CPU
	EndGlobalSection
	GlobalSection(ProjectConfigurationPlatforms) = postSolution
		{97C5D9E6-294A-48B1-9E1C-77125D96D703}.Debug|Any CPU.ActiveCfg = Debug|Any CPU
		{97C5D9E6-294A-48B1-9E1C-77125D96D703}.Debug|Any CPU.Build.0 = Debug|Any CPU
		{97C5D9E6-294A-48B1-9E1C-77125D96D703}.Release|Any CPU.ActiveCfg = Release|Any CPU
		{97C5D9E6-294A-48B1-9E1C-77125D96D703}.Release|Any CPU.Build.0 = Release|Any CPU
	EndGlobalSection
	GlobalSection(SolutionProperties) = preSolution
		HideSolutionNode = FALSE
	EndGlobalSection
	GlobalSection(ExtensibilityGlobals) = postSolution
		SolutionGuid = {115FCDAA-C4F9-4A47-A73C-13FF9D2F046A}
	EndGlobalSection
EndGlobal
